
Microsoft Visual Studio Solution File, Format Version 12.00
# Visual Studio Version 16
VisualStudioVersion = 16.0.32802.440
MinimumVisualStudioVersion = 10.0.40219.1
Project("{FAE04EC0-301F-11D3-BF4B-00C04F79EFBC}") = "división", "división\división.csproj", "{4D40D076-F22A-4F2F-B46E-E6652F87E1B9}"
EndProject
Global
	GlobalSection(SolutionConfigurationPlatforms) = preSolution
		Debug|Any CPU = Debug|Any CPU
		Release|Any CPU = Release|Any CPU
	EndGlobalSection
	GlobalSection(ProjectConfigurationPlatforms) = postSolution
		{4D40D076-F22A-4F2F-B46E-E6652F87E1B9}.Debug|Any CPU.ActiveCfg = Debug|Any CPU
		{4D40D076-F22A-4F2F-B46E-E6652F87E1B9}.Debug|Any CPU.Build.0 = Debug|Any CPU
		{4D40D076-F22A-4F2F-B46E-E6652F87E1B9}.Release|Any CPU.ActiveCfg = Release|Any CPU
		{4D40D076-F22A-4F2F-B46E-E6652F87E1B9}.Release|Any CPU.Build.0 = Release|Any CPU
	EndGlobalSection
	GlobalSection(SolutionProperties) = preSolution
		HideSolutionNode = FALSE
	EndGlobalSection
	GlobalSection(ExtensibilityGlobals) = postSolution
		SolutionGuid = {06436621-4041-4827-8B16-CDB368729F56}
	EndGlobalSection
EndGlobal
